
Microsoft Visual Studio Solution File, Format Version 12.00
# Visual Studio Version 16
VisualStudioVersion = 16.0.31321.278
MinimumVisualStudioVersion = 10.0.40219.1
Project("{2150E333-8FDC-42A3-9474-1A3956D46DE8}") = "Services", "Services", "{AC1E0B88-C9C6-4BBB-931C-371210554C70}"
EndProject
Project("{2150E333-8FDC-42A3-9474-1A3956D46DE8}") = "Catalog", "Catalog", "{85F15969-FAE2-47B1-AE43-A8EDAC901BF1}"
EndProject
Project("{FAE04EC0-301F-11D3-BF4B-00C04F79EFBC}") = "Catalog.API", "Services\Catalog\Catalog.API\Catalog.API.csproj", "{CA192BE1-61A9-40F4-9668-F9C2EF9CD00F}"
EndProject
Project("{E53339B2-1760-4266-BCC7-CA923CBCF16C}") = "docker-compose", "docker-compose.dcproj", "{06FE0A16-CF44-416B-8ADC-13058D9104E3}"
EndProject
Project("{2150E333-8FDC-42A3-9474-1A3956D46DE8}") = "Basket", "Basket", "{ED0434A8-6E63-4503-A62B-7AB05502C43E}"
EndProject
Project("{FAE04EC0-301F-11D3-BF4B-00C04F79EFBC}") = "Basket.API", "Services\Basket\Basket.API\Basket.API.csproj", "{3A153FC4-752B-4ACB-94FB-C67AEDE26A3E}"
EndProject
Global
	GlobalSection(SolutionConfigurationPlatforms) = preSolution
		Debug|Any CPU = Debug|Any CPU
		Release|Any CPU = Release|Any CPU
	EndGlobalSection
	GlobalSection(ProjectConfigurationPlatforms) = postSolution
		{CA192BE1-61A9-40F4-9668-F9C2EF9CD00F}.Debug|Any CPU.ActiveCfg = Debug|Any CPU
		{CA192BE1-61A9-40F4-9668-F9C2EF9CD00F}.Debug|Any CPU.Build.0 = Debug|Any CPU
		{CA192BE1-61A9-40F4-9668-F9C2EF9CD00F}.Release|Any CPU.ActiveCfg = Release|Any CPU
		{CA192BE1-61A9-40F4-9668-F9C2EF9CD00F}.Release|Any CPU.Build.0 = Release|Any CPU
		{06FE0A16-CF44-416B-8ADC-13058D9104E3}.Debug|Any CPU.ActiveCfg = Debug|Any CPU
		{06FE0A16-CF44-416B-8ADC-13058D9104E3}.Debug|Any CPU.Build.0 = Debug|Any CPU
		{06FE0A16-CF44-416B-8ADC-13058D9104E3}.Release|Any CPU.ActiveCfg = Release|Any CPU
		{06FE0A16-CF44-416B-8ADC-13058D9104E3}.Release|Any CPU.Build.0 = Release|Any CPU
		{3A153FC4-752B-4ACB-94FB-C67AEDE26A3E}.Debug|Any CPU.ActiveCfg = Debug|Any CPU
		{3A153FC4-752B-4ACB-94FB-C67AEDE26A3E}.Debug|Any CPU.Build.0 = Debug|Any CPU
		{3A153FC4-752B-4ACB-94FB-C67AEDE26A3E}.Release|Any CPU.ActiveCfg = Release|Any CPU
		{3A153FC4-752B-4ACB-94FB-C67AEDE26A3E}.Release|Any CPU.Build.0 = Release|Any CPU
	EndGlobalSection
	GlobalSection(SolutionProperties) = preSolution
		HideSolutionNode = FALSE
	EndGlobalSection
	GlobalSection(NestedProjects) = preSolution
		{85F15969-FAE2-47B1-AE43-A8EDAC901BF1} = {AC1E0B88-C9C6-4BBB-931C-371210554C70}
		{CA192BE1-61A9-40F4-9668-F9C2EF9CD00F} = {85F15969-FAE2-47B1-AE43-A8EDAC901BF1}
		{ED0434A8-6E63-4503-A62B-7AB05502C43E} = {AC1E0B88-C9C6-4BBB-931C-371210554C70}
		{3A153FC4-752B-4ACB-94FB-C67AEDE26A3E} = {ED0434A8-6E63-4503-A62B-7AB05502C43E}
	EndGlobalSection
	GlobalSection(ExtensibilityGlobals) = postSolution
		SolutionGuid = {F5FFF08E-6CD7-4F8E-A509-F25CCBB30E37}
	EndGlobalSection
EndGlobal
